
Microsoft Visual Studio Solution File, Format Version 12.00
# Visual Studio Version 17
VisualStudioVersion = 17.5.33516.290
MinimumVisualStudioVersion = 10.0.40219.1
Project("{FAE04EC0-301F-11D3-BF4B-00C04F79EFBC}") = "rlu", "rlu\rlu.csproj", "{33C6B6CC-336D-497F-AC2F-E43D65C16A7B}"
EndProject
Global
	GlobalSection(SolutionConfigurationPlatforms) = preSolution
		Debug|Any CPU = Debug|Any CPU
		Release|Any CPU = Release|Any CPU
	EndGlobalSection
	GlobalSection(ProjectConfigurationPlatforms) = postSolution
		{33C6B6CC-336D-497F-AC2F-E43D65C16A7B}.Debug|Any CPU.ActiveCfg = Debug|Any CPU
		{33C6B6CC-336D-497F-AC2F-E43D65C16A7B}.Debug|Any CPU.Build.0 = Debug|Any CPU
		{33C6B6CC-336D-497F-AC2F-E43D65C16A7B}.Release|Any CPU.ActiveCfg = Release|Any CPU
		{33C6B6CC-336D-497F-AC2F-E43D65C16A7B}.Release|Any CPU.Build.0 = Release|Any CPU
	EndGlobalSection
	GlobalSection(SolutionProperties) = preSolution
		HideSolutionNode = FALSE
	EndGlobalSection
	GlobalSection(ExtensibilityGlobals) = postSolution
		SolutionGuid = {8E197C82-2A6E-4E9E-B25F-CD6D744D4E5B}
	EndGlobalSection
EndGlobal
